
Microsoft Visual Studio Solution File, Format Version 12.00
# Visual Studio Version 17
VisualStudioVersion = 17.5.33424.131
MinimumVisualStudioVersion = 10.0.40219.1
Project("{9A19103F-16F7-4668-BE54-9A1E7A4F7556}") = "consApp", "consApp\consApp.csproj", "{DD18368F-1D63-468F-94D0-C8EDFB0113FD}"
EndProject
Project("{9A19103F-16F7-4668-BE54-9A1E7A4F7556}") = "Modele", "LibraryClass\Modele.csproj", "{DC40F2E0-0C40-466E-A904-CCDBEF6AE5A5}"
EndProject
Project("{9A19103F-16F7-4668-BE54-9A1E7A4F7556}") = "TestsProject", "TestsProject\TestsProject.csproj", "{7C476E4C-E81C-4F2F-B762-2A1271E732F7}"
EndProject
Project("{9A19103F-16F7-4668-BE54-9A1E7A4F7556}") = "Persistance", "Persistance\Persistance.csproj", "{E76462B9-72E8-4653-8890-75A32B0EC057}"
EndProject
Global
	GlobalSection(SolutionConfigurationPlatforms) = preSolution
		Debug|Any CPU = Debug|Any CPU
		Release|Any CPU = Release|Any CPU
	EndGlobalSection
	GlobalSection(ProjectConfigurationPlatforms) = postSolution
		{DD18368F-1D63-468F-94D0-C8EDFB0113FD}.Debug|Any CPU.ActiveCfg = Debug|Any CPU
		{DD18368F-1D63-468F-94D0-C8EDFB0113FD}.Debug|Any CPU.Build.0 = Debug|Any CPU
		{DD18368F-1D63-468F-94D0-C8EDFB0113FD}.Release|Any CPU.ActiveCfg = Release|Any CPU
		{DD18368F-1D63-468F-94D0-C8EDFB0113FD}.Release|Any CPU.Build.0 = Release|Any CPU
		{DC40F2E0-0C40-466E-A904-CCDBEF6AE5A5}.Debug|Any CPU.ActiveCfg = Debug|Any CPU
		{DC40F2E0-0C40-466E-A904-CCDBEF6AE5A5}.Debug|Any CPU.Build.0 = Debug|Any CPU
		{DC40F2E0-0C40-466E-A904-CCDBEF6AE5A5}.Release|Any CPU.ActiveCfg = Release|Any CPU
		{DC40F2E0-0C40-466E-A904-CCDBEF6AE5A5}.Release|Any CPU.Build.0 = Release|Any CPU
		{7C476E4C-E81C-4F2F-B762-2A1271E732F7}.Debug|Any CPU.ActiveCfg = Debug|Any CPU
		{7C476E4C-E81C-4F2F-B762-2A1271E732F7}.Debug|Any CPU.Build.0 = Debug|Any CPU
		{7C476E4C-E81C-4F2F-B762-2A1271E732F7}.Release|Any CPU.ActiveCfg = Release|Any CPU
		{7C476E4C-E81C-4F2F-B762-2A1271E732F7}.Release|Any CPU.Build.0 = Release|Any CPU
		{E76462B9-72E8-4653-8890-75A32B0EC057}.Debug|Any CPU.ActiveCfg = Debug|Any CPU
		{E76462B9-72E8-4653-8890-75A32B0EC057}.Debug|Any CPU.Build.0 = Debug|Any CPU
		{E76462B9-72E8-4653-8890-75A32B0EC057}.Release|Any CPU.ActiveCfg = Release|Any CPU
		{E76462B9-72E8-4653-8890-75A32B0EC057}.Release|Any CPU.Build.0 = Release|Any CPU
	EndGlobalSection
	GlobalSection(SolutionProperties) = preSolution
		HideSolutionNode = FALSE
	EndGlobalSection
	GlobalSection(ExtensibilityGlobals) = postSolution
		SolutionGuid = {B7CBE8DA-D8EB-418C-B50B-A24336552B38}
	EndGlobalSection
EndGlobal
